// !$*UTF8*$!
{
	archiveVersion = 1;
	classes = {
	};
	objectVersion = 46;
	objects = {

/* Begin PBXBuildFile section */
		8DF7DE0C20D6515800B05262 /* AppDelegate.swift in Sources */ = {isa = PBXBuildFile; fileRef = 8DF7DE0B20D6515800B05262 /* AppDelegate.swift */; };
		8DF7DE0F20D6515800B05262 /* shiftManager.xcdatamodeld in Sources */ = {isa = PBXBuildFile; fileRef = 8DF7DE0D20D6515800B05262 /* shiftManager.xcdatamodeld */; };
		8DF7DE1120D6515800B05262 /* MasterViewController.swift in Sources */ = {isa = PBXBuildFile; fileRef = 8DF7DE1020D6515800B05262 /* MasterViewController.swift */; };
		8DF7DE1320D6515800B05262 /* DetailViewController.swift in Sources */ = {isa = PBXBuildFile; fileRef = 8DF7DE1220D6515800B05262 /* DetailViewController.swift */; };
		8DF7DE1620D6515800B05262 /* Main.storyboard in Resources */ = {isa = PBXBuildFile; fileRef = 8DF7DE1420D6515800B05262 /* Main.storyboard */; };
		8DF7DE1820D6515800B05262 /* Assets.xcassets in Resources */ = {isa = PBXBuildFile; fileRef = 8DF7DE1720D6515800B05262 /* Assets.xcassets */; };
		8DF7DE1B20D6515800B05262 /* LaunchScreen.storyboard in Resources */ = {isa = PBXBuildFile; fileRef = 8DF7DE1920D6515800B05262 /* LaunchScreen.storyboard */; };
		8DF7DE2620D6515800B05262 /* shiftManagerTests.swift in Sources */ = {isa = PBXBuildFile; fileRef = 8DF7DE2520D6515800B05262 /* shiftManagerTests.swift */; };
		8DF7DE3120D6515800B05262 /* shiftManagerUITests.swift in Sources */ = {isa = PBXBuildFile; fileRef = 8DF7DE3020D6515800B05262 /* shiftManagerUITests.swift */; };
/* End PBXBuildFile section */

/* Begin PBXContainerItemProxy section */
		8DF7DE2220D6515800B05262 /* PBXContainerItemProxy */ = {
			isa = PBXContainerItemProxy;
			containerPortal = 8DF7DE0020D6515800B05262 /* Project object */;
			proxyType = 1;
			remoteGlobalIDString = 8DF7DE0720D6515800B05262;
			remoteInfo = shiftManager;
		};
		8DF7DE2D20D6515800B05262 /* PBXContainerItemProxy */ = {
			isa = PBXContainerItemProxy;
			containerPortal = 8DF7DE0020D6515800B05262 /* Project object */;
			proxyType = 1;
			remoteGlobalIDString = 8DF7DE0720D6515800B05262;
			remoteInfo = shiftManager;
		};
/* End PBXContainerItemProxy section */

/* Begin PBXFileReference section */
		8DF7DE0820D6515800B05262 /* shiftManager.app */ = {isa = PBXFileReference; explicitFileType = wrapper.application; includeInIndex = 0; path = shiftManager.app; sourceTree = BUILT_PRODUCTS_DIR; };
		8DF7DE0B20D6515800B05262 /* AppDelegate.swift */ = {isa = PBXFileReference; lastKnownFileType = sourcecode.swift; path = AppDelegate.swift; sourceTree = "<group>"; };
		8DF7DE0E20D6515800B05262 /* shiftManager.xcdatamodel */ = {isa = PBXFileReference; lastKnownFileType = wrapper.xcdatamodel; path = shiftManager.xcdatamodel; sourceTree = "<group>"; };
		8DF7DE1020D6515800B05262 /* MasterViewController.swift */ = {isa = PBXFileReference; lastKnownFileType = sourcecode.swift; path = MasterViewController.swift; sourceTree = "<group>"; };
		8DF7DE1220D6515800B05262 /* DetailViewController.swift */ = {isa = PBXFileReference; lastKnownFileType = sourcecode.swift; path = DetailViewController.swift; sourceTree = "<group>"; };
		8DF7DE1520D6515800B05262 /* Base */ = {isa = PBXFileReference; lastKnownFileType = file.storyboard; name = Base; path = Base.lproj/Main.storyboard; sourceTree = "<group>"; };
		8DF7DE1720D6515800B05262 /* Assets.xcassets */ = {isa = PBXFileReference; lastKnownFileType = folder.assetcatalog; path = Assets.xcassets; sourceTree = "<group>"; };
		8DF7DE1A20D6515800B05262 /* Base */ = {isa = PBXFileReference; lastKnownFileType = file.storyboard; name = Base; path = Base.lproj/LaunchScreen.storyboard; sourceTree = "<group>"; };
		8DF7DE1C20D6515800B05262 /* Info.plist */ = {isa = PBXFileReference; lastKnownFileType = text.plist.xml; path = Info.plist; sourceTree = "<group>"; };
		8DF7DE2120D6515800B05262 /* shiftManagerTests.xctest */ = {isa = PBXFileReference; explicitFileType = wrapper.cfbundle; includeInIndex = 0; path = shiftManagerTests.xctest; sourceTree = BUILT_PRODUCTS_DIR; };
		8DF7DE2520D6515800B05262 /* shiftManagerTests.swift */ = {isa = PBXFileReference; lastKnownFileType = sourcecode.swift; path = shiftManagerTests.swift; sourceTree = "<group>"; };
		8DF7DE2720D6515800B05262 /* Info.plist */ = {isa = PBXFileReference; lastKnownFileType = text.plist.xml; path = Info.plist; sourceTree = "<group>"; };
		8DF7DE2C20D6515800B05262 /* shiftManagerUITests.xctest */ = {isa = PBXFileReference; explicitFileType = wrapper.cfbundle; includeInIndex = 0; path = shiftManagerUITests.xctest; sourceTree = BUILT_PRODUCTS_DIR; };
		8DF7DE3020D6515800B05262 /* shiftManagerUITests.swift */ = {isa = PBXFileReference; lastKnownFileType = sourcecode.swift; path = shiftManagerUITests.swift; sourceTree = "<group>"; };
		8DF7DE3220D6515800B05262 /* Info.plist */ = {isa = PBXFileReference; lastKnownFileType = text.plist.xml; path = Info.plist; sourceTree = "<group>"; };
/* End PBXFileReference section */

/* Begin PBXFrameworksBuildPhase section */
		8DF7DE0520D6515800B05262 /* Frameworks */ = {
			isa = PBXFrameworksBuildPhase;
			buildActionMask = 2147483647;
			files = (
			);
			runOnlyForDeploymentPostprocessing = 0;
		};
		8DF7DE1E20D6515800B05262 /* Frameworks */ = {
			isa = PBXFrameworksBuildPhase;
			buildActionMask = 2147483647;
			files = (
			);
			runOnlyForDeploymentPostprocessing = 0;
		};
		8DF7DE2920D6515800B05262 /* Frameworks */ = {
			isa = PBXFrameworksBuildPhase;
			buildActionMask = 2147483647;
			files = (
			);
			runOnlyForDeploymentPostprocessing = 0;
		};
/* End PBXFrameworksBuildPhase section */

/* Begin PBXGroup section */
		8DF7DDFF20D6515800B05262 = {
			isa = PBXGroup;
			children = (
				8DF7DE0A20D6515800B05262 /* shiftManager */,
				8DF7DE2420D6515800B05262 /* shiftManagerTests */,
				8DF7DE2F20D6515800B05262 /* shiftManagerUITests */,
				8DF7DE0920D6515800B05262 /* Products */,
			);
			sourceTree = "<group>";
		};
		8DF7DE0920D6515800B05262 /* Products */ = {
			isa = PBXGroup;
			children = (
				8DF7DE0820D6515800B05262 /* shiftManager.app */,
				8DF7DE2120D6515800B05262 /* shiftManagerTests.xctest */,
				8DF7DE2C20D6515800B05262 /* shiftManagerUITests.xctest */,
			);
			name = Products;
			sourceTree = "<group>";
		};
		8DF7DE0A20D6515800B05262 /* shiftManager */ = {
			isa = PBXGroup;
			children = (
				8DF7DE0B20D6515800B05262 /* AppDelegate.swift */,
				8DF7DE1020D6515800B05262 /* MasterViewController.swift */,
				8DF7DE1220D6515800B05262 /* DetailViewController.swift */,
				8DF7DE1420D6515800B05262 /* Main.storyboard */,
				8DF7DE1720D6515800B05262 /* Assets.xcassets */,
				8DF7DE1920D6515800B05262 /* LaunchScreen.storyboard */,
				8DF7DE1C20D6515800B05262 /* Info.plist */,
				8DF7DE0D20D6515800B05262 /* shiftManager.xcdatamodeld */,
			);
			path = shiftManager;
			sourceTree = "<group>";
		};
		8DF7DE2420D6515800B05262 /* shiftManagerTests */ = {
			isa = PBXGroup;
			children = (
				8DF7DE2520D6515800B05262 /* shiftManagerTests.swift */,
				8DF7DE2720D6515800B05262 /* Info.plist */,
			);
			path = shiftManagerTests;
			sourceTree = "<group>";
		};
		8DF7DE2F20D6515800B05262 /* shiftManagerUITests */ = {
			isa = PBXGroup;
			children = (
				8DF7DE3020D6515800B05262 /* shiftManagerUITests.swift */,
				8DF7DE3220D6515800B05262 /* Info.plist */,
			);
			path = shiftManagerUITests;
			sourceTree = "<group>";
		};
/* End PBXGroup section */

/* Begin PBXNativeTarget section */
		8DF7DE0720D6515800B05262 /* shiftManager */ = {
			isa = PBXNativeTarget;
			buildConfigurationList = 8DF7DE3520D6515800B05262 /* Build configuration list for PBXNativeTarget "shiftManager" */;
			buildPhases = (
				8DF7DE0420D6515800B05262 /* Sources */,
				8DF7DE0520D6515800B05262 /* Frameworks */,
				8DF7DE0620D6515800B05262 /* Resources */,
			);
			buildRules = (
			);
			dependencies = (
			);
			name = shiftManager;
			productName = shiftManager;
			productReference = 8DF7DE0820D6515800B05262 /* shiftManager.app */;
			productType = "com.apple.product-type.application";
		};
		8DF7DE2020D6515800B05262 /* shiftManagerTests */ = {
			isa = PBXNativeTarget;
			buildConfigurationList = 8DF7DE3820D6515800B05262 /* Build configuration list for PBXNativeTarget "shiftManagerTests" */;
			buildPhases = (
				8DF7DE1D20D6515800B05262 /* Sources */,
				8DF7DE1E20D6515800B05262 /* Frameworks */,
				8DF7DE1F20D6515800B05262 /* Resources */,
			);
			buildRules = (
			);
			dependencies = (
				8DF7DE2320D6515800B05262 /* PBXTargetDependency */,
			);
			name = shiftManagerTests;
			productName = shiftManagerTests;
			productReference = 8DF7DE2120D6515800B05262 /* shiftManagerTests.xctest */;
			productType = "com.apple.product-type.bundle.unit-test";
		};
		8DF7DE2B20D6515800B05262 /* shiftManagerUITests */ = {
			isa = PBXNativeTarget;
			buildConfigurationList = 8DF7DE3B20D6515800B05262 /* Build configuration list for PBXNativeTarget "shiftManagerUITests" */;
			buildPhases = (
				8DF7DE2820D6515800B05262 /* Sources */,
				8DF7DE2920D6515800B05262 /* Frameworks */,
				8DF7DE2A20D6515800B05262 /* Resources */,
			);
			buildRules = (
			);
			dependencies = (
				8DF7DE2E20D6515800B05262 /* PBXTargetDependency */,
			);
			name = shiftManagerUITests;
			productName = shiftManagerUITests;
			productReference = 8DF7DE2C20D6515800B05262 /* shiftManagerUITests.xctest */;
			productType = "com.apple.product-type.bundle.ui-testing";
		};
/* End PBXNativeTarget section */

/* Begin PBXProject section */
		8DF7DE0020D6515800B05262 /* Project object */ = {
			isa = PBXProject;
			attributes = {
				LastSwiftUpdateCheck = 0820;
				LastUpgradeCheck = 0820;
				ORGANIZATIONNAME = kCode;
				TargetAttributes = {
					8DF7DE0720D6515800B05262 = {
						CreatedOnToolsVersion = 8.2.1;
						ProvisioningStyle = Automatic;
					};
					8DF7DE2020D6515800B05262 = {
						CreatedOnToolsVersion = 8.2.1;
						ProvisioningStyle = Automatic;
						TestTargetID = 8DF7DE0720D6515800B05262;
					};
					8DF7DE2B20D6515800B05262 = {
						CreatedOnToolsVersion = 8.2.1;
						ProvisioningStyle = Automatic;
						TestTargetID = 8DF7DE0720D6515800B05262;
					};
				};
			};
			buildConfigurationList = 8DF7DE0320D6515800B05262 /* Build configuration list for PBXProject "shiftManager" */;
			compatibilityVersion = "Xcode 3.2";
			developmentRegion = English;
			hasScannedForEncodings = 0;
			knownRegions = (
				en,
				Base,
			);
			mainGroup = 8DF7DDFF20D6515800B05262;
			productRefGroup = 8DF7DE0920D6515800B05262 /* Products */;
			projectDirPath = "";
			projectRoot = "";
			targets = (
				8DF7DE0720D6515800B05262 /* shiftManager */,
				8DF7DE2020D6515800B05262 /* shiftManagerTests */,
				8DF7DE2B20D6515800B05262 /* shiftManagerUITests */,
			);
		};
/* End PBXProject section */

/* Begin PBXResourcesBuildPhase section */
		8DF7DE0620D6515800B05262 /* Resources */ = {
			isa = PBXResourcesBuildPhase;
			buildActionMask = 2147483647;
			files = (
				8DF7DE1B20D6515800B05262 /* LaunchScreen.storyboard in Resources */,
				8DF7DE1820D6515800B05262 /* Assets.xcassets in Resources */,
				8DF7DE1620D6515800B05262 /* Main.storyboard in Resources */,
			);
			runOnlyForDeploymentPostprocessing = 0;
		};
		8DF7DE1F20D6515800B05262 /* Resources */ = {
			isa = PBXResourcesBuildPhase;
			buildActionMask = 2147483647;
			files = (
			);
			runOnlyForDeploymentPostprocessing = 0;
		};
		8DF7DE2A20D6515800B05262 /* Resources */ = {
			isa = PBXResourcesBuildPhase;
			buildActionMask = 2147483647;
			files = (
			);
			runOnlyForDeploymentPostprocessing = 0;
		};
/* End PBXResourcesBuildPhase section */

/* Begin PBXSourcesBuildPhase section */
		8DF7DE0420D6515800B05262 /* Sources */ = {
			isa = PBXSourcesBuildPhase;
			buildActionMask = 2147483647;
			files = (
				8DF7DE0F20D6515800B05262 /* shiftManager.xcdatamodeld in Sources */,
				8DF7DE0C20D6515800B05262 /* AppDelegate.swift in Sources */,
				8DF7DE1120D6515800B05262 /* MasterViewController.swift in Sources */,
				8DF7DE1320D6515800B05262 /* DetailViewController.swift in Sources */,
			);
			runOnlyForDeploymentPostprocessing = 0;
		};
		8DF7DE1D20D6515800B05262 /* Sources */ = {
			isa = PBXSourcesBuildPhase;
			buildActionMask = 2147483647;
			files = (
				8DF7DE2620D6515800B05262 /* shiftManagerTests.swift in Sources */,
			);
			runOnlyForDeploymentPostprocessing = 0;
		};
		8DF7DE2820D6515800B05262 /* Sources */ = {
			isa = PBXSourcesBuildPhase;
			buildActionMask = 2147483647;
			files = (
				8DF7DE3120D6515800B05262 /* shiftManagerUITests.swift in Sources */,
			);
			runOnlyForDeploymentPostprocessing = 0;
		};
/* End PBXSourcesBuildPhase section */

/* Begin PBXTargetDependency section */
		8DF7DE2320D6515800B05262 /* PBXTargetDependency */ = {
			isa = PBXTargetDependency;
			target = 8DF7DE0720D6515800B05262 /* shiftManager */;
			targetProxy = 8DF7DE2220D6515800B05262 /* PBXContainerItemProxy */;
		};
		8DF7DE2E20D6515800B05262 /* PBXTargetDependency */ = {
			isa = PBXTargetDependency;
			target = 8DF7DE0720D6515800B05262 /* shiftManager */;
			targetProxy = 8DF7DE2D20D6515800B05262 /* PBXContainerItemProxy */;
		};
/* End PBXTargetDependency section */

/* Begin PBXVariantGroup section */
		8DF7DE1420D6515800B05262 /* Main.storyboard */ = {
			isa = PBXVariantGroup;
			children = (
				8DF7DE1520D6515800B05262 /* Base */,
			);
			name = Main.storyboard;
			sourceTree = "<group>";
		};
		8DF7DE1920D6515800B05262 /* LaunchScreen.storyboard */ = {
			isa = PBXVariantGroup;
			children = (
				8DF7DE1A20D6515800B05262 /* Base */,
			);
			name = LaunchScreen.storyboard;
			sourceTree = "<group>";
		};
/* End PBXVariantGroup section */

/* Begin XCBuildConfiguration section */
		8DF7DE3320D6515800B05262 /* Debug */ = {
			isa = XCBuildConfiguration;
			buildSettings = {
				ALWAYS_SEARCH_USER_PATHS = NO;
				CLANG_ANALYZER_NONNULL = YES;
				CLANG_CXX_LANGUAGE_STANDARD = "gnu++0x";
				CLANG_CXX_LIBRARY = "libc++";
				CLANG_ENABLE_MODULES = YES;
				CLANG_ENABLE_OBJC_ARC = YES;
				CLANG_WARN_BOOL_CONVERSION = YES;
				CLANG_WARN_CONSTANT_CONVERSION = YES;
				CLANG_WARN_DIRECT_OBJC_ISA_USAGE = YES_ERROR;
				CLANG_WARN_DOCUMENTATION_COMMENTS = YES;
				CLANG_WARN_EMPTY_BODY = YES;
				CLANG_WARN_ENUM_CONVERSION = YES;
				CLANG_WARN_INFINITE_RECURSION = YES;
				CLANG_WARN_INT_CONVERSION = YES;
				CLANG_WARN_OBJC_ROOT_CLASS = YES_ERROR;
				CLANG_WARN_SUSPICIOUS_MOVE = YES;
				CLANG_WARN_UNREACHABLE_CODE = YES;
				CLANG_WARN__DUPLICATE_METHOD_MATCH = YES;
				"CODE_SIGN_IDENTITY[sdk=iphoneos*]" = "iPhone Developer";
				COPY_PHASE_STRIP = NO;
				DEBUG_INFORMATION_FORMAT = dwarf;
				ENABLE_STRICT_OBJC_MSGSEND = YES;
				ENABLE_TESTABILITY = YES;
				GCC_C_LANGUAGE_STANDARD = gnu99;
				GCC_DYNAMIC_NO_PIC = NO;
				GCC_NO_COMMON_BLOCKS = YES;
				GCC_OPTIMIZATION_LEVEL = 0;
				GCC_PREPROCESSOR_DEFINITIONS = (
					"DEBUG=1",
					"$(inherited)",
				);
				GCC_WARN_64_TO_32_BIT_CONVERSION = YES;
				GCC_WARN_ABOUT_RETURN_TYPE = YES_ERROR;
				GCC_WARN_UNDECLARED_SELECTOR = YES;
				GCC_WARN_UNINITIALIZED_AUTOS = YES_AGGRESSIVE;
				GCC_WARN_UNUSED_FUNCTION = YES;
				GCC_WARN_UNUSED_VARIABLE = YES;
				IPHONEOS_DEPLOYMENT_TARGET = 10.2;
				MTL_ENABLE_DEBUG_INFO = YES;
				ONLY_ACTIVE_ARCH = YES;
				SDKROOT = iphoneos;
				SWIFT_ACTIVE_COMPILATION_CONDITIONS = DEBUG;
				SWIFT_OPTIMIZATION_LEVEL = "-Onone";
				TARGETED_DEVICE_FAMILY = "1,2";
			};
			name = Debug;
		};
		8DF7DE3420D6515800B05262 /* Release */ = {
			isa = XCBuildConfiguration;
			buildSettings = {
				ALWAYS_SEARCH_USER_PATHS = NO;
				CLANG_ANALYZER_NONNULL = YES;
				CLANG_CXX_LANGUAGE_STANDARD = "gnu++0x";
				CLANG_CXX_LIBRARY = "libc++";
				CLANG_ENABLE_MODULES = YES;
				CLANG_ENABLE_OBJC_ARC = YES;
				CLANG_WARN_BOOL_CONVERSION = YES;
				CLANG_WARN_CONSTANT_CONVERSION = YES;
				CLANG_WARN_DIRECT_OBJC_ISA_USAGE = YES_ERROR;
				CLANG_WARN_DOCUMENTATION_COMMENTS = YES;
				CLANG_WARN_EMPTY_BODY = YES;
				CLANG_WARN_ENUM_CONVERSION = YES;
				CLANG_WARN_INFINITE_RECURSION = YES;
				CLANG_WARN_INT_CONVERSION = YES;
				CLANG_WARN_OBJC_ROOT_CLASS = YES_ERROR;
				CLANG_WARN_SUSPICIOUS_MOVE = YES;
				CLANG_WARN_UNREACHABLE_CODE = YES;
				CLANG_WARN__DUPLICATE_METHOD_MATCH = YES;
				"CODE_SIGN_IDENTITY[sdk=iphoneos*]" = "iPhone Developer";
				COPY_PHASE_STRIP = NO;
				DEBUG_INFORMATION_FORMAT = "dwarf-with-dsym";
				ENABLE_NS_ASSERTIONS = NO;
				ENABLE_STRICT_OBJC_MSGSEND = YES;
				GCC_C_LANGUAGE_STANDARD = gnu99;
				GCC_NO_COMMON_BLOCKS = YES;
				GCC_WARN_64_TO_32_BIT_CONVERSION = YES;
				GCC_WARN_ABOUT_RETURN_TYPE = YES_ERROR;
				GCC_WARN_UNDECLARED_SELECTOR = YES;
				GCC_WARN_UNINITIALIZED_AUTOS = YES_AGGRESSIVE;
				GCC_WARN_UNUSED_FUNCTION = YES;
				GCC_WARN_UNUSED_VARIABLE = YES;
				IPHONEOS_DEPLOYMENT_TARGET = 10.2;
				MTL_ENABLE_DEBUG_INFO = NO;
				SDKROOT = iphoneos;
				SWIFT_OPTIMIZATION_LEVEL = "-Owholemodule";
				TARGETED_DEVICE_FAMILY = "1,2";
				VALIDATE_PRODUCT = YES;
			};
			name = Release;
		};
		8DF7DE3620D6515800B05262 /* Debug */ = {
			isa = XCBuildConfiguration;
			buildSettings = {
				ASSETCATALOG_COMPILER_APPICON_NAME = AppIcon;
				INFOPLIST_FILE = shiftManager/Info.plist;
				LD_RUNPATH_SEARCH_PATHS = "$(inherited) @executable_path/Frameworks";
				PRODUCT_BUNDLE_IDENTIFIER = com.kCode.shiftManager;
				PRODUCT_NAME = "$(TARGET_NAME)";
				SWIFT_VERSION = 3.0;
			};
			name = Debug;
		};
		8DF7DE3720D6515800B05262 /* Release */ = {
			isa = XCBuildConfiguration;
			buildSettings = {
				ASSETCATALOG_COMPILER_APPICON_NAME = AppIcon;
				INFOPLIST_FILE = shiftManager/Info.plist;
				LD_RUNPATH_SEARCH_PATHS = "$(inherited) @executable_path/Frameworks";
				PRODUCT_BUNDLE_IDENTIFIER = com.kCode.shiftManager;
				PRODUCT_NAME = "$(TARGET_NAME)";
				SWIFT_VERSION = 3.0;
			};
			name = Release;
		};
		8DF7DE3920D6515800B05262 /* Debug */ = {
			isa = XCBuildConfiguration;
			buildSettings = {
				ALWAYS_EMBED_SWIFT_STANDARD_LIBRARIES = YES;
				BUNDLE_LOADER = "$(TEST_HOST)";
				INFOPLIST_FILE = shiftManagerTests/Info.plist;
				LD_RUNPATH_SEARCH_PATHS = "$(inherited) @executable_path/Frameworks @loader_path/Frameworks";
				PRODUCT_BUNDLE_IDENTIFIER = com.kCode.shiftManagerTests;
				PRODUCT_NAME = "$(TARGET_NAME)";
				SWIFT_VERSION = 3.0;
				TEST_HOST = "$(BUILT_PRODUCTS_DIR)/shiftManager.app/shiftManager";
			};
			name = Debug;
		};
		8DF7DE3A20D6515800B05262 /* Release */ = {
			isa = XCBuildConfiguration;
			buildSettings = {
				ALWAYS_EMBED_SWIFT_STANDARD_LIBRARIES = YES;
				BUNDLE_LOADER = "$(TEST_HOST)";
				INFOPLIST_FILE = shiftManagerTests/Info.plist;
				LD_RUNPATH_SEARCH_PATHS = "$(inherited) @executable_path/Frameworks @loader_path/Frameworks";
				PRODUCT_BUNDLE_IDENTIFIER = com.kCode.shiftManagerTests;
				PRODUCT_NAME = "$(TARGET_NAME)";
				SWIFT_VERSION = 3.0;
				TEST_HOST = "$(BUILT_PRODUCTS_DIR)/shiftManager.app/shiftManager";
			};
			name = Release;
		};
		8DF7DE3C20D6515800B05262 /* Debug */ = {
			isa = XCBuildConfiguration;
			buildSettings = {
				ALWAYS_EMBED_SWIFT_STANDARD_LIBRARIES = YES;
				INFOPLIST_FILE = shiftManagerUITests/Info.plist;
				LD_RUNPATH_SEARCH_PATHS = "$(inherited) @executable_path/Frameworks @loader_path/Frameworks";
				PRODUCT_BUNDLE_IDENTIFIER = com.kCode.shiftManagerUITests;
				PRODUCT_NAME = "$(TARGET_NAME)";
				SWIFT_VERSION = 3.0;
				TEST_TARGET_NAME = shiftManager;
			};
			name = Debug;
		};
		8DF7DE3D20D6515800B05262 /* Release */ = {
			isa = XCBuildConfiguration;
			buildSettings = {
				ALWAYS_EMBED_SWIFT_STANDARD_LIBRARIES = YES;
				INFOPLIST_FILE = shiftManagerUITests/Info.plist;
				LD_RUNPATH_SEARCH_PATHS = "$(inherited) @executable_path/Frameworks @loader_path/Frameworks";
				PRODUCT_BUNDLE_IDENTIFIER = com.kCode.shiftManagerUITests;
				PRODUCT_NAME = "$(TARGET_NAME)";
				SWIFT_VERSION = 3.0;
				TEST_TARGET_NAME = shiftManager;
			};
			name = Release;
		};
/* End XCBuildConfiguration section */

/* Begin XCConfigurationList section */
		8DF7DE0320D6515800B05262 /* Build configuration list for PBXProject "shiftManager" */ = {
			isa = XCConfigurationList;
			buildConfigurations = (
				8DF7DE3320D6515800B05262 /* Debug */,
				8DF7DE3420D6515800B05262 /* Release */,
			);
			defaultConfigurationIsVisible = 0;
			defaultConfigurationName = Release;
		};
		8DF7DE3520D6515800B05262 /* Build configuration list for PBXNativeTarget "shiftManager" */ = {
			isa = XCConfigurationList;
			buildConfigurations = (
				8DF7DE3620D6515800B05262 /* Debug */,
				8DF7DE3720D6515800B05262 /* Release */,
			);
			defaultConfigurationIsVisible = 0;
		};
		8DF7DE3820D6515800B05262 /* Build configuration list for PBXNativeTarget "shiftManagerTests" */ = {
			isa = XCConfigurationList;
			buildConfigurations = (
				8DF7DE3920D6515800B05262 /* Debug */,
				8DF7DE3A20D6515800B05262 /* Release */,
			);
			defaultConfigurationIsVisible = 0;
		};
		8DF7DE3B20D6515800B05262 /* Build configuration list for PBXNativeTarget "shiftManagerUITests" */ = {
			isa = XCConfigurationList;
			buildConfigurations = (
				8DF7DE3C20D6515800B05262 /* Debug */,
				8DF7DE3D20D6515800B05262 /* Release */,
			);
			defaultConfigurationIsVisible = 0;
		};
/* End XCConfigurationList section */

/* Begin XCVersionGroup section */
		8DF7DE0D20D6515800B05262 /* shiftManager.xcdatamodeld */ = {
			isa = XCVersionGroup;
			children = (
				8DF7DE0E20D6515800B05262 /* shiftManager.xcdatamodel */,
			);
			currentVersion = 8DF7DE0E20D6515800B05262 /* shiftManager.xcdatamodel */;
			path = shiftManager.xcdatamodeld;
			sourceTree = "<group>";
			versionGroupType = wrapper.xcdatamodel;
		};
/* End XCVersionGroup section */
	};
	rootObject = 8DF7DE0020D6515800B05262 /* Project object */;
}
